
Microsoft Visual Studio Solution File, Format Version 12.00
# Visual Studio Version 16
VisualStudioVersion = 16.0.29418.71
MinimumVisualStudioVersion = 10.0.40219.1
Project("{FAE04EC0-301F-11D3-BF4B-00C04F79EFBC}") = "lotto winform", "lotto winform\lotto winform.csproj", "{BB4A9CF9-5BE7-4525-BC60-519E80B5A5ED}"
EndProject
Global
	GlobalSection(SolutionConfigurationPlatforms) = preSolution
		Debug|Any CPU = Debug|Any CPU
		Release|Any CPU = Release|Any CPU
	EndGlobalSection
	GlobalSection(ProjectConfigurationPlatforms) = postSolution
		{BB4A9CF9-5BE7-4525-BC60-519E80B5A5ED}.Debug|Any CPU.ActiveCfg = Debug|Any CPU
		{BB4A9CF9-5BE7-4525-BC60-519E80B5A5ED}.Debug|Any CPU.Build.0 = Debug|Any CPU
		{BB4A9CF9-5BE7-4525-BC60-519E80B5A5ED}.Release|Any CPU.ActiveCfg = Release|Any CPU
		{BB4A9CF9-5BE7-4525-BC60-519E80B5A5ED}.Release|Any CPU.Build.0 = Release|Any CPU
	EndGlobalSection
	GlobalSection(SolutionProperties) = preSolution
		HideSolutionNode = FALSE
	EndGlobalSection
	GlobalSection(ExtensibilityGlobals) = postSolution
		SolutionGuid = {D8339F33-FA3B-479D-AD36-CCB2971981AB}
	EndGlobalSection
EndGlobal
